
Microsoft Visual Studio Solution File, Format Version 12.00
# Visual Studio Version 16
VisualStudioVersion = 16.0.31911.196
MinimumVisualStudioVersion = 10.0.40219.1
Project("{8BC9CEB8-8B4A-11D0-8D11-00A0C91BC942}") = "MoveWin", "MoveWin\MoveWin.vcxproj", "{65076517-2166-43DF-B2B2-B7E83FA16048}"
EndProject
Global
	GlobalSection(SolutionConfigurationPlatforms) = preSolution
		Debug|x64 = Debug|x64
		Debug|x86 = Debug|x86
		Release|x64 = Release|x64
		Release|x86 = Release|x86
	EndGlobalSection
	GlobalSection(ProjectConfigurationPlatforms) = postSolution
		{65076517-2166-43DF-B2B2-B7E83FA16048}.Debug|x64.ActiveCfg = Debug|x64
		{65076517-2166-43DF-B2B2-B7E83FA16048}.Debug|x64.Build.0 = Debug|x64
		{65076517-2166-43DF-B2B2-B7E83FA16048}.Debug|x86.ActiveCfg = Debug|Win32
		{65076517-2166-43DF-B2B2-B7E83FA16048}.Debug|x86.Build.0 = Debug|Win32
		{65076517-2166-43DF-B2B2-B7E83FA16048}.Release|x64.ActiveCfg = Release|x64
		{65076517-2166-43DF-B2B2-B7E83FA16048}.Release|x64.Build.0 = Release|x64
		{65076517-2166-43DF-B2B2-B7E83FA16048}.Release|x86.ActiveCfg = Release|Win32
		{65076517-2166-43DF-B2B2-B7E83FA16048}.Release|x86.Build.0 = Release|Win32
	EndGlobalSection
	GlobalSection(SolutionProperties) = preSolution
		HideSolutionNode = FALSE
	EndGlobalSection
	GlobalSection(ExtensibilityGlobals) = postSolution
		SolutionGuid = {5DD5D77B-CA06-439C-994A-F6D4759721E8}
	EndGlobalSection
EndGlobal
